{
  "nodes": {
    "apkbuild-vim": {
      "flake": false,
      "locked": {
        "lastModified": 1631356169,
        "narHash": "sha256-9k1iokjWnD5VJhhbKjo64B52Bg+HZ0K96iVnmTpKDYA=",
        "ref": "master",
        "rev": "8dbd9745f76fb284656711238e8cd42d021da85e",
        "revCount": 119,
        "type": "git",
        "url": "https://gitlab.alpinelinux.org/Leo/apkbuild.vim.git"
      },
      "original": {
        "type": "git",
        "url": "https://gitlab.alpinelinux.org/Leo/apkbuild.vim.git"
      }
    },
    "flake-utils": {
      "locked": {
        "lastModified": 1644229661,
        "narHash": "sha256-1YdnJAsNy69bpcjuoKdOYQX0YxZBiCYZo4Twxerqv7k=",
        "owner": "numtide",
        "repo": "flake-utils",
        "rev": "3cecb5b042f7f209c56ffd8371b2711a290ec797",
        "type": "github"
      },
      "original": {
        "owner": "numtide",
        "repo": "flake-utils",
        "type": "github"
      }
    },
    "kanagawa-nvim": {
      "flake": false,
      "locked": {
        "lastModified": 1646217728,
        "narHash": "sha256-TStFrx0u/MwSDcimvuwRRiyajkVq+rF5HWYCRsL4PCI=",
        "owner": "rebelot",
        "repo": "kanagawa.nvim",
        "rev": "63cb5cc1a80def7da4bb375adee1587866250a17",
        "type": "github"
      },
      "original": {
        "owner": "rebelot",
        "repo": "kanagawa.nvim",
        "type": "github"
      }
    },
    "nixpkgs": {
      "locked": {
        "lastModified": 1647297614,
        "narHash": "sha256-ulGq3W5XsrBMU/u5k9d4oPy65pQTkunR4HKKtTq0RwY=",
        "owner": "NixOS",
        "repo": "nixpkgs",
        "rev": "73ad5f9e147c0d2a2061f1d4bd91e05078dc0b58",
        "type": "github"
      },
      "original": {
        "owner": "NixOS",
        "ref": "nixos-unstable",
        "repo": "nixpkgs",
        "type": "github"
      }
    },
    "root": {
      "inputs": {
        "apkbuild-vim": "apkbuild-vim",
        "flake-utils": "flake-utils",
        "kanagawa-nvim": "kanagawa-nvim",
        "nixpkgs": "nixpkgs",
        "vim-scdoc": "vim-scdoc"
      }
    },
    "vim-scdoc": {
      "flake": false,
      "locked": {
        "lastModified": 1628096593,
        "narHash": "sha256-D3ka3NBts/x+IH/C6qNSBaO4zBmM0aJHL0yMDJKMyDM=",
        "owner": "gpanders",
        "repo": "vim-scdoc",
        "rev": "a275d125c7905a803a9a90cfc5501fcebeb210c2",
        "type": "github"
      },
      "original": {
        "owner": "gpanders",
        "repo": "vim-scdoc",
        "type": "github"
      }
    }
  },
  "root": "root",
  "version": 7
}
