{
  "nodes": {
    "apkbuild-vim": {
      "flake": false,
      "locked": {
        "host": "gitlab.alpinelinux.org",
        "lastModified": 1631356169,
        "narHash": "sha256-9k1iokjWnD5VJhhbKjo64B52Bg+HZ0K96iVnmTpKDYA=",
        "owner": "Leo",
        "repo": "apkbuild.vim",
        "rev": "8dbd9745f76fb284656711238e8cd42d021da85e",
        "type": "gitlab"
      },
      "original": {
        "host": "gitlab.alpinelinux.org",
        "owner": "Leo",
        "repo": "apkbuild.vim",
        "type": "gitlab"
      }
    },
    "flake-utils": {
      "locked": {
        "lastModified": 1656928814,
        "narHash": "sha256-RIFfgBuKz6Hp89yRr7+NR5tzIAbn52h8vT6vXkYjZoM=",
        "owner": "numtide",
        "repo": "flake-utils",
        "rev": "7e2a3b3dfd9af950a856d66b0a7d01e3c18aa249",
        "type": "github"
      },
      "original": {
        "owner": "numtide",
        "repo": "flake-utils",
        "type": "github"
      }
    },
    "kanagawa-nvim": {
      "flake": false,
      "locked": {
        "lastModified": 1656671496,
        "narHash": "sha256-OQG3pU9mFBfIvOBdSBFSuucWpj43/+EeNfBFgL0JyJU=",
        "owner": "rebelot",
        "repo": "kanagawa.nvim",
        "rev": "dd13260478149f787753b72689076b34c6a4ded9",
        "type": "github"
      },
      "original": {
        "owner": "rebelot",
        "repo": "kanagawa.nvim",
        "type": "github"
      }
    },
    "lc0-src": {
      "flake": false,
      "locked": {
        "lastModified": 1656052931,
        "narHash": "sha256-ISRI3vBGgcVKSBcOg+wiSUicDY6PoKG2EyBJMcOqz5M=",
        "ref": "refs/heads/master",
        "rev": "f5085675214ee02839f62961ac90bcca1fbc5749",
        "revCount": 1382,
        "submodules": true,
        "type": "git",
        "url": "https://github.com/LeelaChessZero/lc0.git"
      },
      "original": {
        "submodules": true,
        "type": "git",
        "url": "https://github.com/LeelaChessZero/lc0.git"
      }
    },
    "nixpkgs": {
      "locked": {
        "lastModified": 1657802959,
        "narHash": "sha256-9+JWARSdlL8KiH3ymnKDXltE1vM+/WEJ78F5B1kjXys=",
        "owner": "NixOS",
        "repo": "nixpkgs",
        "rev": "4a01ca36d6bfc133bc617e661916a81327c9bbc8",
        "type": "github"
      },
      "original": {
        "owner": "NixOS",
        "ref": "nixos-unstable",
        "repo": "nixpkgs",
        "type": "github"
      }
    },
    "root": {
      "inputs": {
        "apkbuild-vim": "apkbuild-vim",
        "flake-utils": "flake-utils",
        "kanagawa-nvim": "kanagawa-nvim",
        "lc0-src": "lc0-src",
        "nixpkgs": "nixpkgs",
        "vim-scdoc": "vim-scdoc",
        "ydotool-src": "ydotool-src"
      }
    },
    "vim-scdoc": {
      "flake": false,
      "locked": {
        "lastModified": 1652153660,
        "narHash": "sha256-Z1alhbzGEJjrJBPKLfBHS022vw8NYoawNTxIkzrf7qs=",
        "owner": "gpanders",
        "repo": "vim-scdoc",
        "rev": "2d423e227917880263d3bff2737388302c11745d",
        "type": "github"
      },
      "original": {
        "owner": "gpanders",
        "repo": "vim-scdoc",
        "type": "github"
      }
    },
    "ydotool-src": {
      "flake": false,
      "locked": {
        "lastModified": 1645004329,
        "narHash": "sha256-maXXGCqB8dkGO8956hsKSwM4HQdYn6z1jBFENQ9sKcA=",
        "owner": "ReimuNotMoe",
        "repo": "ydotool",
        "rev": "81195bfde8f9b5218e6e87bbd6f6e362a7653aad",
        "type": "github"
      },
      "original": {
        "owner": "ReimuNotMoe",
        "repo": "ydotool",
        "type": "github"
      }
    }
  },
  "root": "root",
  "version": 7
}
